// !$*UTF8*$!
{
	archiveVersion = 1;
	classes = {
	};
	objectVersion = 56;
	objects = {

/* Begin PBXBuildFile section */
		BudsControlApp.swift in Sources = {isa = PBXBuildFile; fileRef = BudsControlApp.swift; };
		ContentView.swift in Sources = {isa = PBXBuildFile; fileRef = ContentView.swift; };
		BluetoothManager.swift in Sources = {isa = PBXBuildFile; fileRef = BluetoothManager.swift; };
		SPPProtocol.swift in Sources = {isa = PBXBuildFile; fileRef = SPPProtocol.swift; };
		DeviceModels.swift in Sources = {isa = PBXBuildFile; fileRef = DeviceModels.swift; };
		MessageDecoder.swift in Sources = {isa = PBXBuildFile; fileRef = MessageDecoder.swift; };
		MessageEncoder.swift in Sources = {isa = PBXBuildFile; fileRef = MessageEncoder.swift; };
		BudsStatusView.swift in Sources = {isa = PBXBuildFile; fileRef = BudsStatusView.swift; };
		EqualizerView.swift in Sources = {isa = PBXBuildFile; fileRef = EqualizerView.swift; };
		AmbientSoundView.swift in Sources = {isa = PBXBuildFile; fileRef = AmbientSoundView.swift; };
		TouchpadView.swift in Sources = {isa = PBXBuildFile; fileRef = TouchpadView.swift; };
		NoiseControlView.swift in Sources = {isa = PBXBuildFile; fileRef = NoiseControlView.swift; };
		FindMyBudsView.swift in Sources = {isa = PBXBuildFile; fileRef = FindMyBudsView.swift; };
		SettingsView.swift in Sources = {isa = PBXBuildFile; fileRef = SettingsView.swift; };
		BatteryView.swift in Sources = {isa = PBXBuildFile; fileRef = BatteryView.swift; };
		CRC16.swift in Sources = {isa = PBXBuildFile; fileRef = CRC16.swift; };
/* End PBXBuildFile section */

/* Begin PBXFileReference section */
		BudsControlApp.swift = {isa = PBXFileReference; lastKnownFileType = sourcecode.swift; path = BudsControlApp.swift; sourceTree = "<group>"; };
		ContentView.swift = {isa = PBXFileReference; lastKnownFileType = sourcecode.swift; path = ContentView.swift; sourceTree = "<group>"; };
		BluetoothManager.swift = {isa = PBXFileReference; lastKnownFileType = sourcecode.swift; path = BluetoothManager.swift; sourceTree = "<group>"; };
		SPPProtocol.swift = {isa = PBXFileReference; lastKnownFileType = sourcecode.swift; path = SPPProtocol.swift; sourceTree = "<group>"; };
		DeviceModels.swift = {isa = PBXFileReference; lastKnownFileType = sourcecode.swift; path = DeviceModels.swift; sourceTree = "<group>"; };
		MessageDecoder.swift = {isa = PBXFileReference; lastKnownFileType = sourcecode.swift; path = MessageDecoder.swift; sourceTree = "<group>"; };
		MessageEncoder.swift = {isa = PBXFileReference; lastKnownFileType = sourcecode.swift; path = MessageEncoder.swift; sourceTree = "<group>"; };
		BudsStatusView.swift = {isa = PBXFileReference; lastKnownFileType = sourcecode.swift; path = BudsStatusView.swift; sourceTree = "<group>"; };
		EqualizerView.swift = {isa = PBXFileReference; lastKnownFileType = sourcecode.swift; path = EqualizerView.swift; sourceTree = "<group>"; };
		AmbientSoundView.swift = {isa = PBXFileReference; lastKnownFileType = sourcecode.swift; path = AmbientSoundView.swift; sourceTree = "<group>"; };
		TouchpadView.swift = {isa = PBXFileReference; lastKnownFileType = sourcecode.swift; path = TouchpadView.swift; sourceTree = "<group>"; };
		NoiseControlView.swift = {isa = PBXFileReference; lastKnownFileType = sourcecode.swift; path = NoiseControlView.swift; sourceTree = "<group>"; };
		FindMyBudsView.swift = {isa = PBXFileReference; lastKnownFileType = sourcecode.swift; path = FindMyBudsView.swift; sourceTree = "<group>"; };
		SettingsView.swift = {isa = PBXFileReference; lastKnownFileType = sourcecode.swift; path = SettingsView.swift; sourceTree = "<group>"; };
		BatteryView.swift = {isa = PBXFileReference; lastKnownFileType = sourcecode.swift; path = BatteryView.swift; sourceTree = "<group>"; };
		CRC16.swift = {isa = PBXFileReference; lastKnownFileType = sourcecode.swift; path = CRC16.swift; sourceTree = "<group>"; };
		Assets.xcassets = {isa = PBXFileReference; lastKnownFileType = folder.assetcatalog; path = Assets.xcassets; sourceTree = "<group>"; };
/* End PBXFileReference section */

/* Begin PBXFrameworksBuildPhase section */
		Frameworks = {
			isa = PBXFrameworksBuildPhase;
			buildActionMask = 2147483647;
			files = (
			);
			runOnlyForDeploymentPostprocessing = 0;
		};
/* End PBXFrameworksBuildPhase section */

/* Begin PBXGroup section */
		BudsControl = {
			isa = PBXGroup;
			children = (
				BudsControlApp.swift,
				ContentView.swift,
				BluetoothManager.swift,
				SPPProtocol.swift,
				DeviceModels.swift,
				MessageDecoder.swift,
				MessageEncoder.swift,
				BudsStatusView.swift,
				EqualizerView.swift,
				AmbientSoundView.swift,
				TouchpadView.swift,
				NoiseControlView.swift,
				FindMyBudsView.swift,
				SettingsView.swift,
				BatteryView.swift,
				CRC16.swift,
				Assets.xcassets,
			);
			path = BudsControl;
			sourceTree = "<group>";
		};
/* End PBXGroup section */

/* Begin PBXNativeTarget section */
		BudsControl = {
			isa = PBXNativeTarget;
			buildConfigurationList = BuildConfigList;
			buildPhases = (
				Sources,
				Frameworks,
				Resources,
			);
			buildRules = (
			);
			dependencies = (
			);
			name = BudsControl;
			productName = BudsControl;
			productReference = BudsControl.app;
			productType = "com.apple.product-type.application";
		};
/* End PBXNativeTarget section */

/* Begin PBXProject section */
		Project = {
			isa = PBXProject;
			buildConfigurationList = BuildConfigList;
			compatibilityVersion = "Xcode 14.0";
			developmentRegion = en;
			hasScannedForEncodings = 0;
			knownRegions = (
				en,
				Base,
			);
			mainGroup = BudsControl;
			productRefGroup = Products;
			projectDirPath = "";
			projectRoot = "";
			targets = (
				BudsControl,
			);
		};
/* End PBXProject section */

/* Begin PBXResourcesBuildPhase section */
		Resources = {
			isa = PBXResourcesBuildPhase;
			buildActionMask = 2147483647;
			files = (
				Assets.xcassets in Resources,
			);
			runOnlyForDeploymentPostprocessing = 0;
		};
/* End PBXResourcesBuildPhase section */

/* Begin PBXSourcesBuildPhase section */
		Sources = {
			isa = PBXSourcesBuildPhase;
			buildActionMask = 2147483647;
			files = (
				BudsControlApp.swift in Sources,
				ContentView.swift in Sources,
				BluetoothManager.swift in Sources,
				SPPProtocol.swift in Sources,
				DeviceModels.swift in Sources,
				MessageDecoder.swift in Sources,
				MessageEncoder.swift in Sources,
				BudsStatusView.swift in Sources,
				EqualizerView.swift in Sources,
				AmbientSoundView.swift in Sources,
				TouchpadView.swift in Sources,
				NoiseControlView.swift in Sources,
				FindMyBudsView.swift in Sources,
				SettingsView.swift in Sources,
				BatteryView.swift in Sources,
				CRC16.swift in Sources,
			);
			runOnlyForDeploymentPostprocessing = 0;
		};
/* End PBXSourcesBuildPhase section */

/* Begin XCBuildConfiguration section */
		Debug = {
			isa = XCBuildConfiguration;
			buildSettings = {
				ASSETCATALOG_COMPILER_APPICON_NAME = AppIcon;
				ASSETCATALOG_COMPILER_GLOBAL_ACCENT_COLOR_NAME = AccentColor;
				CODE_SIGN_STYLE = Automatic;
				CURRENT_PROJECT_VERSION = 1;
				DEVELOPMENT_ASSET_PATHS = "";
				ENABLE_PREVIEWS = YES;
				GENERATE_INFOPLIST_FILE = YES;
				INFOPLIST_KEY_UIApplicationSceneManifest_Generation = YES;
				INFOPLIST_KEY_UIApplicationSupportsIndirectInputEvents = YES;
				INFOPLIST_KEY_UILaunchScreen_Generation = YES;
				INFOPLIST_KEY_UISupportedInterfaceOrientations_iPad = "UIInterfaceOrientationPortrait UIInterfaceOrientationPortraitUpsideDown UIInterfaceOrientationLandscapeLeft UIInterfaceOrientationLandscapeRight";
				INFOPLIST_KEY_UISupportedInterfaceOrientations_iPhone = "UIInterfaceOrientationPortrait UIInterfaceOrientationLandscapeLeft UIInterfaceOrientationLandscapeRight";
				IPHONEOS_DEPLOYMENT_TARGET = 16.0;
				MARKETING_VERSION = 1.0;
				PRODUCT_BUNDLE_IDENTIFIER = com.yourcompany.BudsControl;
				PRODUCT_NAME = "$(TARGET_NAME)";
				SWIFT_EMIT_LOC_STRINGS = YES;
				SWIFT_VERSION = 5.0;
				TARGETED_DEVICE_FAMILY = "1,2";
			};
			name = Debug;
		};
		Release = {
			isa = XCBuildConfiguration;
			buildSettings = {
				ASSETCATALOG_COMPILER_APPICON_NAME = AppIcon;
				ASSETCATALOG_COMPILER_GLOBAL_ACCENT_COLOR_NAME = AccentColor;
				CODE_SIGN_STYLE = Automatic;
				CURRENT_PROJECT_VERSION = 1;
				DEVELOPMENT_ASSET_PATHS = "";
				ENABLE_PREVIEWS = YES;
				GENERATE_INFOPLIST_FILE = YES;
				INFOPLIST_KEY_UIApplicationSceneManifest_Generation = YES;
				INFOPLIST_KEY_UIApplicationSupportsIndirectInputEvents = YES;
				INFOPLIST_KEY_UILaunchScreen_Generation = YES;
				INFOPLIST_KEY_UISupportedInterfaceOrientations_iPad = "UIInterfaceOrientationPortrait UIInterfaceOrientationPortraitUpsideDown UIInterfaceOrientationLandscapeLeft UIInterfaceOrientationLandscapeRight";
				INFOPLIST_KEY_UISupportedInterfaceOrientations_iPhone = "UIInterfaceOrientationPortrait UIInterfaceOrientationLandscapeLeft UIInterfaceOrientationLandscapeRight";
				IPHONEOS_DEPLOYMENT_TARGET = 16.0;
				MARKETING_VERSION = 1.0;
				PRODUCT_BUNDLE_IDENTIFIER = com.yourcompany.BudsControl;
				PRODUCT_NAME = "$(TARGET_NAME)";
				SWIFT_EMIT_LOC_STRINGS = YES;
				SWIFT_VERSION = 5.0;
				TARGETED_DEVICE_FAMILY = "1,2";
			};
			name = Release;
		};
/* End XCBuildConfiguration section */

	};
	rootObject = Project;
}
